{
  "nodes": {
    "nixpkgs": {
      "locked": {
        "lastModified": 1789684949,
        "narHash": "sha256-ZKhUe/2IJUq1JhKxKMu8rbkgSGmPP2ZCqlIPn40aGCM=",
        "owner": "NixOS",
        "repo": "nixpkgs",
        "rev": "e554fab72f81915600f3f449b786fd9af40439a5",
        "type": "github"
      },
      "original": {
        "owner": "NixOS",
        "ref": "nixos-unstable",
        "repo": "nixpkgs",
        "type": "github"
      }
    },
    "plainix": {
      "inputs": {
        "nixpkgs": [
          "nixpkgs"
        ]
      },
      "locked": {
        "lastModified": 1788872521,
        "narHash": "sha256-VsHeCM5VcIJNzQoBUWXPKkz0BSNNhR8w8//aQbf4wto=",
        "owner": "yawarakatai",
        "repo": "plainix",
        "rev": "e5c7aed55936b0217fa1ca2586695551505e53cc",
        "type": "github"
      },
      "original": {
        "owner": "yawarakatai",
        "repo": "plainix",
        "type": "github"
      }
    },
    "root": {
      "inputs": {
        "nixpkgs": "nixpkgs",
        "plainix": "plainix"
      }
    }
  },
  "root": "root",
  "version": 7
}
